
Microsoft Visual Studio Solution File, Format Version 12.00
# Visual Studio Version 17
VisualStudioVersion = 17.11.35312.102
MinimumVisualStudioVersion = 10.0.40219.1
Project("{FAE04EC0-301F-11D3-BF4B-00C04F79EFBC}") = "MediPlus-MVC", "MediPlus-MVC\MediPlus-MVC.csproj", "{4C373932-4764-494B-A854-6BD5C343C1CC}"
EndProject
Project("{FAE04EC0-301F-11D3-BF4B-00C04F79EFBC}") = "MediPlus-DAL", "MediPlus-DAL\MediPlus-DAL.csproj", "{D91716F1-BBFF-40DA-A5ED-B88AD7AEB7A5}"
EndProject
Project("{FAE04EC0-301F-11D3-BF4B-00C04F79EFBC}") = "MediPlus-BL", "MediPlus-BL\MediPlus-BL.csproj", "{DCE368F7-9C7C-4D74-91B0-00134A9E6635}"
EndProject
Global
	GlobalSection(SolutionConfigurationPlatforms) = preSolution
		Debug|Any CPU = Debug|Any CPU
		Release|Any CPU = Release|Any CPU
	EndGlobalSection
	GlobalSection(ProjectConfigurationPlatforms) = postSolution
		{4C373932-4764-494B-A854-6BD5C343C1CC}.Debug|Any CPU.ActiveCfg = Debug|Any CPU
		{4C373932-4764-494B-A854-6BD5C343C1CC}.Debug|Any CPU.Build.0 = Debug|Any CPU
		{4C373932-4764-494B-A854-6BD5C343C1CC}.Release|Any CPU.ActiveCfg = Release|Any CPU
		{4C373932-4764-494B-A854-6BD5C343C1CC}.Release|Any CPU.Build.0 = Release|Any CPU
		{D91716F1-BBFF-40DA-A5ED-B88AD7AEB7A5}.Debug|Any CPU.ActiveCfg = Debug|Any CPU
		{D91716F1-BBFF-40DA-A5ED-B88AD7AEB7A5}.Debug|Any CPU.Build.0 = Debug|Any CPU
		{D91716F1-BBFF-40DA-A5ED-B88AD7AEB7A5}.Release|Any CPU.ActiveCfg = Release|Any CPU
		{D91716F1-BBFF-40DA-A5ED-B88AD7AEB7A5}.Release|Any CPU.Build.0 = Release|Any CPU
		{DCE368F7-9C7C-4D74-91B0-00134A9E6635}.Debug|Any CPU.ActiveCfg = Debug|Any CPU
		{DCE368F7-9C7C-4D74-91B0-00134A9E6635}.Debug|Any CPU.Build.0 = Debug|Any CPU
		{DCE368F7-9C7C-4D74-91B0-00134A9E6635}.Release|Any CPU.ActiveCfg = Release|Any CPU
		{DCE368F7-9C7C-4D74-91B0-00134A9E6635}.Release|Any CPU.Build.0 = Release|Any CPU
	EndGlobalSection
	GlobalSection(SolutionProperties) = preSolution
		HideSolutionNode = FALSE
	EndGlobalSection
	GlobalSection(ExtensibilityGlobals) = postSolution
		SolutionGuid = {8F8AA640-0292-4CD8-8E84-98DFB48BFEC9}
	EndGlobalSection
EndGlobal
